github.com/HandyGold75/GOLib/argp v0.0.0-20250714112630-f8d52d8148bd h1:fDdMEHbtYFjp3bpieB7YNnA0vfWMA914FqfjzLwxMRE=
github.com/HandyGold75/GOLib/argp v0.0.0-20250714112630-f8d52d8148bd/go.mod h1:1P/nYT8+eSjETNcypZ6WgYv8PFlvtWDD31n7AgYRh7g=
github.com/HandyGold75/GOLib/cfg v0.0.0-20250714113159-0103cbe2d6f4 h1:DH30vQD1VkXx0YfYamOJZuwKxcokEB842Wr95kaoaG8=
github.com/HandyGold75/GOLib/cfg v0.0.0-20250714113159-0103cbe2d6f4/go.mod h1:JAdvejsN26a/MT3BmRCrZJdJB7FYVX5QGTMt7vbfMVY=
github.com/HandyGold75/GOLib/logger v0.0.0-20250714112630-f8d52d8148bd h1:MEdtzNAIiwkG06s8WBR/11o4b+/V0dr/UYDk7/rR6gw=
github.com/HandyGold75/GOLib/logger v0.0.0-20250714112630-f8d52d8148bd/go.mod h1:tf5g//Qyks5PrmFrArW9htSs9RnxizlCe6ZArXztCFE=
github.com/HandyGold75/GOLib/scheduler v0.0.0-20250714112630-f8d52d8148bd h1:ZWcyLOTJH5BQDfsxohcZ+/aW5eG/0ufwjSLQ4qvri/A=
github.com/HandyGold75/GOLib/scheduler v0.0.0-20250714112630-f8d52d8148bd/go.mod h1:LZWk/aW0KaeF5B8+G7zQKYUXlwn1MA2eY3iHTisCSkA=
golang.org/x/sys v0.34.0 h1:H5Y5sJ2L2JRdyv7ROF1he/lPdvFsd0mJHFw2ThKHxLA=
golang.org/x/sys v0.34.0/go.mod h1:BJP2sWEmIv4KK5OTEluFJCKSidICx8ciO85XgH3Ak8k=
golang.org/x/term v0.33.0 h1:NuFncQrRcaRvVmgRkvM3j/F00gWIAlcmlB8ACEKmGIg=
golang.org/x/term v0.33.0/go.mod h1:s18+ql9tYWp1IfpV9DmCtQDDSRBUjKaw9M1eAv5UeF0=
