github.com/HandyGold75/GOLib/argp v0.0.0-20251208111814-1adf0a0e8a68 h1:2aBM7iNi959wJx6JiM92nEvR0KDdSFFGQD/7aBl72Vo=
github.com/HandyGold75/GOLib/argp v0.0.0-20251208111814-1adf0a0e8a68/go.mod h1:FilPBUWRftOPaRWiJCQBMfyBGOF8ir7wuhfYc3sfqjs=
github.com/HandyGold75/GOLib/cfg v0.0.0-20251208111814-1adf0a0e8a68 h1:4MBn0NTOGwCUImMUG2YLZULElyEMprm/ocXtpm2reWE=
github.com/HandyGold75/GOLib/cfg v0.0.0-20251208111814-1adf0a0e8a68/go.mod h1:8N1NdHgSVowLvvkO5jKH6VXR5L++lSEqhcQhik6xAC4=
github.com/HandyGold75/GOLib/logger v0.0.0-20251208111814-1adf0a0e8a68 h1:MTzlZ9RhYNZ5r0VYI4XZfmUzecFTaLPqRKZREMh5uf0=
github.com/HandyGold75/GOLib/logger v0.0.0-20251208111814-1adf0a0e8a68/go.mod h1:GFk+8S7RhxJUk4JweB8l3OjzFXSo8e23gLLuG8/hfYw=
github.com/HandyGold75/GOLib/scheduler v0.0.0-20251208111814-1adf0a0e8a68 h1:nkbZRuNPuRj/2/9SSTStFjKZ+EV/rVuKfzHDzxEesYY=
github.com/HandyGold75/GOLib/scheduler v0.0.0-20251208111814-1adf0a0e8a68/go.mod h1:bm0iTuy6RnP+B4dPESj2emq+OIAlPSpkhvj2bpLb9vI=
golang.org/x/sys v0.40.0 h1:DBZZqJ2Rkml6QMQsZywtnjnnGvHza6BTfYFWY9kjEWQ=
golang.org/x/sys v0.40.0/go.mod h1:OgkHotnGiDImocRcuBABYBEXf8A9a87e/uXjp9XT3ks=
golang.org/x/term v0.39.0 h1:RclSuaJf32jOqZz74CkPA9qFuVTX7vhLlpfj/IGWlqY=
golang.org/x/term v0.39.0/go.mod h1:yxzUCTP/U+FzoxfdKmLaA0RV1WgE0VY7hXBwKtY/4ww=
