github.com/HandyGold75/GOLib/argp v0.0.0-20250606135728-a6262879070c h1:6tBhC6zQVjVVpH7CG429+7CNPP/dfcpf+8YoUmQLrqg=
github.com/HandyGold75/GOLib/argp v0.0.0-20250606135728-a6262879070c/go.mod h1:0XxIsyDYlBo+r0c+ilzwdAhye7Boi0Lu57Aj5kx15kw=
github.com/HandyGold75/GOLib/cfg v0.0.0-20250606135728-a6262879070c h1:H8Xm5749V2fow2Yj5UrM91Vk4bmvNJYyJdkS14j6EbM=
github.com/HandyGold75/GOLib/cfg v0.0.0-20250606135728-a6262879070c/go.mod h1:7/ADREUodHB0SIKjNx7bTso88u05GPzLHoXKBTRYgn4=
github.com/HandyGold75/GOLib/logger v0.0.0-20250606135728-a6262879070c h1:/k83iy+yn0S3j7iVEl+z+1yGnGAfEYlqYCmmCLJ5Vzo=
github.com/HandyGold75/GOLib/logger v0.0.0-20250606135728-a6262879070c/go.mod h1:022w5BuRxuHu6SRDtpWE2yQMi2rQglX2dK+C84R6qMU=
github.com/HandyGold75/GOLib/scheduler v0.0.0-20250606135728-a6262879070c h1:W/4P5rq4wFqhAAAr2lCwnPwrB7tCxNlq5ZF8t9JaeLc=
github.com/HandyGold75/GOLib/scheduler v0.0.0-20250606135728-a6262879070c/go.mod h1:mfmdMhRJe7afET5T9pNEZQ/Xcfi9AiqDXNJyQjnHjio=
golang.org/x/sys v0.34.0 h1:H5Y5sJ2L2JRdyv7ROF1he/lPdvFsd0mJHFw2ThKHxLA=
golang.org/x/sys v0.34.0/go.mod h1:BJP2sWEmIv4KK5OTEluFJCKSidICx8ciO85XgH3Ak8k=
golang.org/x/term v0.33.0 h1:NuFncQrRcaRvVmgRkvM3j/F00gWIAlcmlB8ACEKmGIg=
golang.org/x/term v0.33.0/go.mod h1:s18+ql9tYWp1IfpV9DmCtQDDSRBUjKaw9M1eAv5UeF0=
